
Microsoft Visual Studio Solution File, Format Version 12.00
# Visual Studio Version 17
VisualStudioVersion = 17.6.33723.286
MinimumVisualStudioVersion = 10.0.40219.1
Project("{9A19103F-16F7-4668-BE54-9A1E7A4F7556}") = "DayOne", "DayOne\DayOne.csproj", "{86D7CEE7-8A7D-4535-8DDB-AC175B63C4C5}"
EndProject
Project("{9A19103F-16F7-4668-BE54-9A1E7A4F7556}") = "Utils", "Utils\Utils.csproj", "{7519A2A3-4C56-4754-9563-D09D666C9DFA}"
EndProject
Project("{9A19103F-16F7-4668-BE54-9A1E7A4F7556}") = "Day Two", "Day Two\Day Two.csproj", "{740885AA-CDCF-483F-8184-3EFF3B95F251}"
EndProject
Project("{FAE04EC0-301F-11D3-BF4B-00C04F79EFBC}") = "Day Three", "Day Three\Day Three.csproj", "{A901D67A-5238-401E-BE34-AEBDBF9F31E4}"
EndProject
Global
	GlobalSection(SolutionConfigurationPlatforms) = preSolution
		Debug|Any CPU = Debug|Any CPU
		Release|Any CPU = Release|Any CPU
	EndGlobalSection
	GlobalSection(ProjectConfigurationPlatforms) = postSolution
		{86D7CEE7-8A7D-4535-8DDB-AC175B63C4C5}.Debug|Any CPU.ActiveCfg = Debug|Any CPU
		{86D7CEE7-8A7D-4535-8DDB-AC175B63C4C5}.Debug|Any CPU.Build.0 = Debug|Any CPU
		{86D7CEE7-8A7D-4535-8DDB-AC175B63C4C5}.Release|Any CPU.ActiveCfg = Release|Any CPU
		{86D7CEE7-8A7D-4535-8DDB-AC175B63C4C5}.Release|Any CPU.Build.0 = Release|Any CPU
		{7519A2A3-4C56-4754-9563-D09D666C9DFA}.Debug|Any CPU.ActiveCfg = Debug|Any CPU
		{7519A2A3-4C56-4754-9563-D09D666C9DFA}.Debug|Any CPU.Build.0 = Debug|Any CPU
		{7519A2A3-4C56-4754-9563-D09D666C9DFA}.Release|Any CPU.ActiveCfg = Release|Any CPU
		{7519A2A3-4C56-4754-9563-D09D666C9DFA}.Release|Any CPU.Build.0 = Release|Any CPU
		{740885AA-CDCF-483F-8184-3EFF3B95F251}.Debug|Any CPU.ActiveCfg = Debug|Any CPU
		{740885AA-CDCF-483F-8184-3EFF3B95F251}.Debug|Any CPU.Build.0 = Debug|Any CPU
		{740885AA-CDCF-483F-8184-3EFF3B95F251}.Release|Any CPU.ActiveCfg = Release|Any CPU
		{740885AA-CDCF-483F-8184-3EFF3B95F251}.Release|Any CPU.Build.0 = Release|Any CPU
		{A901D67A-5238-401E-BE34-AEBDBF9F31E4}.Debug|Any CPU.ActiveCfg = Debug|Any CPU
		{A901D67A-5238-401E-BE34-AEBDBF9F31E4}.Debug|Any CPU.Build.0 = Debug|Any CPU
		{A901D67A-5238-401E-BE34-AEBDBF9F31E4}.Release|Any CPU.ActiveCfg = Release|Any CPU
		{A901D67A-5238-401E-BE34-AEBDBF9F31E4}.Release|Any CPU.Build.0 = Release|Any CPU
	EndGlobalSection
	GlobalSection(SolutionProperties) = preSolution
		HideSolutionNode = FALSE
	EndGlobalSection
	GlobalSection(ExtensibilityGlobals) = postSolution
		SolutionGuid = {068B805A-F2C4-4C5E-9751-16FE4533628C}
	EndGlobalSection
EndGlobal
