
Microsoft Visual Studio Solution File, Format Version 12.00
# Visual Studio Version 17
VisualStudioVersion = 17.6.33723.286
MinimumVisualStudioVersion = 10.0.40219.1
Project("{9A19103F-16F7-4668-BE54-9A1E7A4F7556}") = "Day One", "DayOne\Day One.csproj", "{86D7CEE7-8A7D-4535-8DDB-AC175B63C4C5}"
EndProject
Project("{9A19103F-16F7-4668-BE54-9A1E7A4F7556}") = "Utils", "Utils\Utils.csproj", "{7519A2A3-4C56-4754-9563-D09D666C9DFA}"
EndProject
Project("{9A19103F-16F7-4668-BE54-9A1E7A4F7556}") = "Day Two", "Day Two\Day Two.csproj", "{740885AA-CDCF-483F-8184-3EFF3B95F251}"
EndProject
Project("{9A19103F-16F7-4668-BE54-9A1E7A4F7556}") = "Day Three", "Day Three\Day Three.csproj", "{A901D67A-5238-401E-BE34-AEBDBF9F31E4}"
EndProject
Project("{9A19103F-16F7-4668-BE54-9A1E7A4F7556}") = "Day Four", "Day Four\Day Four.csproj", "{FC7ACDDC-EE78-4A3A-AD2C-DC7F9A0EEF74}"
EndProject
Project("{9A19103F-16F7-4668-BE54-9A1E7A4F7556}") = "Day Five", "Day Five\Day Five.csproj", "{111D00DD-D4F1-45C8-8519-A0D7911FA684}"
EndProject
Project("{9A19103F-16F7-4668-BE54-9A1E7A4F7556}") = "Day Six", "Day Six\Day Six.csproj", "{9C85DBD0-4FE2-4430-86D3-5339F0BB6810}"
EndProject
Project("{9A19103F-16F7-4668-BE54-9A1E7A4F7556}") = "Day Seven", "Day Seven\Day Seven.csproj", "{4612F446-6343-48CC-9D8B-8331C681A118}"
EndProject
Project("{9A19103F-16F7-4668-BE54-9A1E7A4F7556}") = "Day Eight", "Day Eight\Day Eight.csproj", "{EEA3C1C3-4ED4-48FF-99F0-25B5819CD866}"
EndProject
Project("{FAE04EC0-301F-11D3-BF4B-00C04F79EFBC}") = "Day Nine", "Day Nine\Day Nine.csproj", "{7D75A8C9-F9FC-47DD-A735-3E52AF94B029}"
EndProject
Project("{FAE04EC0-301F-11D3-BF4B-00C04F79EFBC}") = "Day Ten", "Day Ten\Day Ten.csproj", "{0E5488C7-F3ED-422B-A899-82985829346C}"
EndProject
Global
	GlobalSection(SolutionConfigurationPlatforms) = preSolution
		Debug|Any CPU = Debug|Any CPU
		Release|Any CPU = Release|Any CPU
	EndGlobalSection
	GlobalSection(ProjectConfigurationPlatforms) = postSolution
		{86D7CEE7-8A7D-4535-8DDB-AC175B63C4C5}.Debug|Any CPU.ActiveCfg = Debug|Any CPU
		{86D7CEE7-8A7D-4535-8DDB-AC175B63C4C5}.Debug|Any CPU.Build.0 = Debug|Any CPU
		{86D7CEE7-8A7D-4535-8DDB-AC175B63C4C5}.Release|Any CPU.ActiveCfg = Release|Any CPU
		{86D7CEE7-8A7D-4535-8DDB-AC175B63C4C5}.Release|Any CPU.Build.0 = Release|Any CPU
		{7519A2A3-4C56-4754-9563-D09D666C9DFA}.Debug|Any CPU.ActiveCfg = Debug|Any CPU
		{7519A2A3-4C56-4754-9563-D09D666C9DFA}.Debug|Any CPU.Build.0 = Debug|Any CPU
		{7519A2A3-4C56-4754-9563-D09D666C9DFA}.Release|Any CPU.ActiveCfg = Release|Any CPU
		{7519A2A3-4C56-4754-9563-D09D666C9DFA}.Release|Any CPU.Build.0 = Release|Any CPU
		{740885AA-CDCF-483F-8184-3EFF3B95F251}.Debug|Any CPU.ActiveCfg = Debug|Any CPU
		{740885AA-CDCF-483F-8184-3EFF3B95F251}.Debug|Any CPU.Build.0 = Debug|Any CPU
		{740885AA-CDCF-483F-8184-3EFF3B95F251}.Release|Any CPU.ActiveCfg = Release|Any CPU
		{740885AA-CDCF-483F-8184-3EFF3B95F251}.Release|Any CPU.Build.0 = Release|Any CPU
		{A901D67A-5238-401E-BE34-AEBDBF9F31E4}.Debug|Any CPU.ActiveCfg = Debug|Any CPU
		{A901D67A-5238-401E-BE34-AEBDBF9F31E4}.Debug|Any CPU.Build.0 = Debug|Any CPU
		{A901D67A-5238-401E-BE34-AEBDBF9F31E4}.Release|Any CPU.ActiveCfg = Release|Any CPU
		{A901D67A-5238-401E-BE34-AEBDBF9F31E4}.Release|Any CPU.Build.0 = Release|Any CPU
		{FC7ACDDC-EE78-4A3A-AD2C-DC7F9A0EEF74}.Debug|Any CPU.ActiveCfg = Debug|Any CPU
		{FC7ACDDC-EE78-4A3A-AD2C-DC7F9A0EEF74}.Debug|Any CPU.Build.0 = Debug|Any CPU
		{FC7ACDDC-EE78-4A3A-AD2C-DC7F9A0EEF74}.Release|Any CPU.ActiveCfg = Release|Any CPU
		{FC7ACDDC-EE78-4A3A-AD2C-DC7F9A0EEF74}.Release|Any CPU.Build.0 = Release|Any CPU
		{111D00DD-D4F1-45C8-8519-A0D7911FA684}.Debug|Any CPU.ActiveCfg = Debug|Any CPU
		{111D00DD-D4F1-45C8-8519-A0D7911FA684}.Debug|Any CPU.Build.0 = Debug|Any CPU
		{111D00DD-D4F1-45C8-8519-A0D7911FA684}.Release|Any CPU.ActiveCfg = Release|Any CPU
		{111D00DD-D4F1-45C8-8519-A0D7911FA684}.Release|Any CPU.Build.0 = Release|Any CPU
		{9C85DBD0-4FE2-4430-86D3-5339F0BB6810}.Debug|Any CPU.ActiveCfg = Debug|Any CPU
		{9C85DBD0-4FE2-4430-86D3-5339F0BB6810}.Debug|Any CPU.Build.0 = Debug|Any CPU
		{9C85DBD0-4FE2-4430-86D3-5339F0BB6810}.Release|Any CPU.ActiveCfg = Release|Any CPU
		{9C85DBD0-4FE2-4430-86D3-5339F0BB6810}.Release|Any CPU.Build.0 = Release|Any CPU
		{4612F446-6343-48CC-9D8B-8331C681A118}.Debug|Any CPU.ActiveCfg = Debug|Any CPU
		{4612F446-6343-48CC-9D8B-8331C681A118}.Debug|Any CPU.Build.0 = Debug|Any CPU
		{4612F446-6343-48CC-9D8B-8331C681A118}.Release|Any CPU.ActiveCfg = Release|Any CPU
		{4612F446-6343-48CC-9D8B-8331C681A118}.Release|Any CPU.Build.0 = Release|Any CPU
		{EEA3C1C3-4ED4-48FF-99F0-25B5819CD866}.Debug|Any CPU.ActiveCfg = Debug|Any CPU
		{EEA3C1C3-4ED4-48FF-99F0-25B5819CD866}.Debug|Any CPU.Build.0 = Debug|Any CPU
		{EEA3C1C3-4ED4-48FF-99F0-25B5819CD866}.Release|Any CPU.ActiveCfg = Release|Any CPU
		{EEA3C1C3-4ED4-48FF-99F0-25B5819CD866}.Release|Any CPU.Build.0 = Release|Any CPU
		{7D75A8C9-F9FC-47DD-A735-3E52AF94B029}.Debug|Any CPU.ActiveCfg = Debug|Any CPU
		{7D75A8C9-F9FC-47DD-A735-3E52AF94B029}.Debug|Any CPU.Build.0 = Debug|Any CPU
		{7D75A8C9-F9FC-47DD-A735-3E52AF94B029}.Release|Any CPU.ActiveCfg = Release|Any CPU
		{7D75A8C9-F9FC-47DD-A735-3E52AF94B029}.Release|Any CPU.Build.0 = Release|Any CPU
		{0E5488C7-F3ED-422B-A899-82985829346C}.Debug|Any CPU.ActiveCfg = Debug|Any CPU
		{0E5488C7-F3ED-422B-A899-82985829346C}.Debug|Any CPU.Build.0 = Debug|Any CPU
		{0E5488C7-F3ED-422B-A899-82985829346C}.Release|Any CPU.ActiveCfg = Release|Any CPU
		{0E5488C7-F3ED-422B-A899-82985829346C}.Release|Any CPU.Build.0 = Release|Any CPU
	EndGlobalSection
	GlobalSection(SolutionProperties) = preSolution
		HideSolutionNode = FALSE
	EndGlobalSection
	GlobalSection(ExtensibilityGlobals) = postSolution
		SolutionGuid = {068B805A-F2C4-4C5E-9751-16FE4533628C}
	EndGlobalSection
EndGlobal
